{
    "version": 3,
    "terraform_version": "0.10.3",
    "serial": 6,
    "lineage": "fb8da7b4-3a5b-44bf-bfed-369053c5e285",
    "modules": [
        {
            "path": [
                "root"
            ],
            "outputs": {},
            "resources": {
                "aws_instance.web": {
                    "type": "aws_instance",
                    "depends_on": [],
                    "primary": {
                        "id": "i-0dfbe28c1617d83cc",
                        "attributes": {
                            "ami": "ami-cfdafaaa",
                            "associate_public_ip_address": "true",
                            "availability_zone": "us-east-2b",
                            "disable_api_termination": "false",
                            "ebs_block_device.#": "0",
                            "ebs_optimized": "false",
                            "ephemeral_block_device.#": "0",
                            "iam_instance_profile": "",
                            "id": "i-0dfbe28c1617d83cc",
                            "instance_state": "running",
                            "instance_type": "t2.micro",
                            "ipv6_addresses.#": "0",
                            "key_name": "tauhid",
                            "monitoring": "false",
                            "network_interface.#": "0",
                            "network_interface_id": "eni-86a6b2d4",
                            "primary_network_interface_id": "eni-86a6b2d4",
                            "private_dns": "ip-172-31-22-95.us-east-2.compute.internal",
                            "private_ip": "172.31.22.95",
                            "public_dns": "ec2-13-58-154-208.us-east-2.compute.amazonaws.com",
                            "public_ip": "13.58.154.208",
                            "root_block_device.#": "1",
                            "root_block_device.0.delete_on_termination": "true",
                            "root_block_device.0.iops": "100",
                            "root_block_device.0.volume_size": "10",
                            "root_block_device.0.volume_type": "gp2",
                            "security_groups.#": "0",
                            "source_dest_check": "true",
                            "subnet_id": "subnet-b525a5ce",
                            "tags.%": "1",
                            "tags.Name": "test machines",
                            "tenancy": "default",
                            "user_data": "3a9c227442a75c8a92638f039fceb1fd71fe5564",
                            "volume_tags.%": "0",
                            "vpc_security_group_ids.#": "1",
                            "vpc_security_group_ids.4243753778": "sg-42c6ca2b"
                        },
                        "meta": {
                            "e2bfb730-ecaa-11e6-8f88-34363bc7c4c0": {
                                "create": 600000000000,
                                "delete": 600000000000,
                                "update": 600000000000
                            },
                            "schema_version": "1"
                        },
                        "tainted": false
                    },
                    "deposed": [],
                    "provider": ""
                },
                "aws_key_pair.tauhid": {
                    "type": "aws_key_pair",
                    "depends_on": [],
                    "primary": {
                        "id": "tauhid",
                        "attributes": {
                            "id": "tauhid",
                            "key_name": "tauhid",
                            "public_key": "ssh-rsa AAAAB3NzaC1yc2EAAAADAQABAAABAQCvWLP90s6xDqeQii5I4ftZsGsfeG9mj00MAFTlRhZeT1UIWvRYp9X2Fx5LzV26OkoDW8JoEkZfrfVYscc5YUO+22ar3dw+NYMnJRKl0XhJqwxK0dyuoDaLh+5YaGEHcbQwo6ntoTthXnegIhTrPsLMLy0ROmT1YIoFuvXSgGOYMiW+8Oh1UbrskI7cyfxPzrq4QSU0rOEa16paLvlK2sKRX//5LGPGzLPT47jhSrhIfbcYBgdRh9fC6dRkEyFZHp5JSDRDXwe5p5E8mMD5Br+X5npSvpLJBR9/bmPe5imi5NDpJoP34obIb92g8dscN3vg3ETIXCBdlQmAZiO/2Pt5 tauhid"
                        },
                        "meta": {
                            "schema_version": "1"
                        },
                        "tainted": false
                    },
                    "deposed": [],
                    "provider": ""
                },
                "aws_security_group.instance": {
                    "type": "aws_security_group",
                    "depends_on": [],
                    "primary": {
                        "id": "sg-5c06dd34",
                        "attributes": {
                            "description": "Managed by Terraform",
                            "egress.#": "0",
                            "id": "sg-5c06dd34",
                            "ingress.#": "1",
                            "ingress.2214680975.cidr_blocks.#": "1",
                            "ingress.2214680975.cidr_blocks.0": "0.0.0.0/0",
                            "ingress.2214680975.from_port": "80",
                            "ingress.2214680975.ipv6_cidr_blocks.#": "0",
                            "ingress.2214680975.protocol": "tcp",
                            "ingress.2214680975.security_groups.#": "0",
                            "ingress.2214680975.self": "false",
                            "ingress.2214680975.to_port": "80",
                            "name": "WebSecurity Group",
                            "owner_id": "759019026384",
                            "tags.%": "0",
                            "vpc_id": "vpc-e16d1a88"
                        },
                        "meta": {},
                        "tainted": false
                    },
                    "deposed": [],
                    "provider": ""
                }
            },
            "depends_on": []
        }
    ]
}
